Microsoft Visual Studio Solution File, Format Version 12.00
# Visual Studio 2012
Project("{FAE04EC0-301F-11D3-BF4B-00C04F79EFBC}") = "super-brap-ball-2", "super-brap-ball-2.csproj", "{EB69109B-56D3-47DA-8AB8-7C9D3556335D}"
EndProject
Global
	GlobalSection(SolutionConfigurationPlatforms) = preSolution
	Debug|Any CPU = Debug|Any CPU
	ExportDebug|Any CPU = ExportDebug|Any CPU
	ExportRelease|Any CPU = ExportRelease|Any CPU
	EndGlobalSection
	GlobalSection(ProjectConfigurationPlatforms) = postSolution
		{EB69109B-56D3-47DA-8AB8-7C9D3556335D}.Debug|Any CPU.ActiveCfg = Debug|Any CPU
		{EB69109B-56D3-47DA-8AB8-7C9D3556335D}.Debug|Any CPU.Build.0 = Debug|Any CPU
		{EB69109B-56D3-47DA-8AB8-7C9D3556335D}.ExportDebug|Any CPU.ActiveCfg = ExportDebug|Any CPU
		{EB69109B-56D3-47DA-8AB8-7C9D3556335D}.ExportDebug|Any CPU.Build.0 = ExportDebug|Any CPU
		{EB69109B-56D3-47DA-8AB8-7C9D3556335D}.ExportRelease|Any CPU.ActiveCfg = ExportRelease|Any CPU
		{EB69109B-56D3-47DA-8AB8-7C9D3556335D}.ExportRelease|Any CPU.Build.0 = ExportRelease|Any CPU
	EndGlobalSection
EndGlobal
